
Microsoft Visual Studio Solution File, Format Version 9.00
# Visual Studio 2005
Project("{8BC9CEB8-8B4A-11D0-8D11-00A0C91BC942}") = "sfplay", "sfplay.vcproj", "{9FC66989-FB61-3066-8D11-A5F445995A77}"
	GlobalSection(Qt) = preSolution
		Integration = True
	EndGlobalSection
	ProjectSection(ProjectDependencies) = postProject
		{F288F15B-E6EB-3886-966D-173AD4A15796} = {F288F15B-E6EB-3886-966D-173AD4A15796}
	EndProjectSection
EndProject
Project("{8BC9CEB8-8B4A-11D0-8D11-00A0C91BC942}") = "marsyas", "..\..\marsyas\marsyas.vcproj", "{F288F15B-E6EB-3886-966D-173AD4A15796}"
	GlobalSection(Qt) = preSolution
		Integration = True
	EndGlobalSection
EndProject
Global
	GlobalSection(Qt) = preSolution
		Integration = True
	EndGlobalSection
	GlobalSection(SolutionConfigurationPlatforms) = preSolution
		Debug|Win32 = Debug|Win32
		Release|Win32 = Release|Win32
	EndGlobalSection
	GlobalSection(ProjectConfigurationPlatforms) = postSolution
		{9FC66989-FB61-3066-8D11-A5F445995A77}.Debug|Win32.ActiveCfg = Debug|Win32
		{9FC66989-FB61-3066-8D11-A5F445995A77}.Debug|Win32.Build.0 = Debug|Win32
		{9FC66989-FB61-3066-8D11-A5F445995A77}.Release|Win32.ActiveCfg = Release|Win32
		{9FC66989-FB61-3066-8D11-A5F445995A77}.Release|Win32.Build.0 = Release|Win32
		{F288F15B-E6EB-3886-966D-173AD4A15796}.Debug|Win32.ActiveCfg = Debug|Win32
		{F288F15B-E6EB-3886-966D-173AD4A15796}.Debug|Win32.Build.0 = Debug|Win32
		{F288F15B-E6EB-3886-966D-173AD4A15796}.Release|Win32.ActiveCfg = Release|Win32
		{F288F15B-E6EB-3886-966D-173AD4A15796}.Release|Win32.Build.0 = Release|Win32
	EndGlobalSection
	GlobalSection(SolutionProperties) = preSolution
		HideSolutionNode = FALSE
	EndGlobalSection
EndGlobal
