
Microsoft Visual Studio Solution File, Format Version 9.00
# Visual Studio 2005
Project("{8BC9CEB8-8B4A-11D0-8D11-00A0C91BC942}") = "marsyas", "..\..\marsyas\marsyas.vcproj", "{9FCFBC27-E006-3BF5-A417-145B7E34ADBC}"
EndProject
Project("{8BC9CEB8-8B4A-11D0-8D11-00A0C91BC942}") = "peakClustering", "peakClustering.vcproj", "{BF825DA3-058C-3357-8525-812CD7B2E24A}"
	ProjectSection(ProjectDependencies) = postProject
		{9FCFBC27-E006-3BF5-A417-145B7E34ADBC} = {9FCFBC27-E006-3BF5-A417-145B7E34ADBC}
	EndProjectSection
EndProject
Global
	GlobalSection(SolutionConfigurationPlatforms) = preSolution
		Debug|Win32 = Debug|Win32
		Release|Win32 = Release|Win32
	EndGlobalSection
	GlobalSection(ProjectConfigurationPlatforms) = postSolution
		{9FCFBC27-E006-3BF5-A417-145B7E34ADBC}.Debug|Win32.ActiveCfg = Debug|Win32
		{9FCFBC27-E006-3BF5-A417-145B7E34ADBC}.Debug|Win32.Build.0 = Debug|Win32
		{9FCFBC27-E006-3BF5-A417-145B7E34ADBC}.Release|Win32.ActiveCfg = Release|Win32
		{9FCFBC27-E006-3BF5-A417-145B7E34ADBC}.Release|Win32.Build.0 = Release|Win32
		{BF825DA3-058C-3357-8525-812CD7B2E24A}.Debug|Win32.ActiveCfg = Debug|Win32
		{BF825DA3-058C-3357-8525-812CD7B2E24A}.Debug|Win32.Build.0 = Debug|Win32
		{BF825DA3-058C-3357-8525-812CD7B2E24A}.Release|Win32.ActiveCfg = Release|Win32
		{BF825DA3-058C-3357-8525-812CD7B2E24A}.Release|Win32.Build.0 = Release|Win32
	EndGlobalSection
	GlobalSection(SolutionProperties) = preSolution
		HideSolutionNode = FALSE
	EndGlobalSection
	GlobalSection(Qt) = preSolution
		Integration = True
	EndGlobalSection
	GlobalSection(Qt) = preSolution
		Integration = True
	EndGlobalSection
	GlobalSection(Qt) = preSolution
		Integration = True
	EndGlobalSection
EndGlobal
