
Microsoft Visual Studio Solution File, Format Version 9.00
# Visual Studio 2005
Project("{8BC9CEB8-8B4A-11D0-8D11-00A0C91BC942}") = "sfplay", "sfplay.vcproj", "{112FAF39-7529-3CD2-B2F2-777975CED6BA}"
	GlobalSection(Qt) = preSolution
		Integration = True
	EndGlobalSection
	ProjectSection(ProjectDependencies) = postProject
		{EB971ED8-F26F-3A48-920B-3BF223E2629A} = {EB971ED8-F26F-3A48-920B-3BF223E2629A}
	EndProjectSection
EndProject
Project("{8BC9CEB8-8B4A-11D0-8D11-00A0C91BC942}") = "marsyas", "..\..\marsyas\marsyas.vcproj", "{EB971ED8-F26F-3A48-920B-3BF223E2629A}"
	GlobalSection(Qt) = preSolution
		Integration = True
	EndGlobalSection
EndProject
Global
	GlobalSection(Qt) = preSolution
		Integration = True
	EndGlobalSection
	GlobalSection(SolutionConfigurationPlatforms) = preSolution
		Debug|Win32 = Debug|Win32
		Release|Win32 = Release|Win32
	EndGlobalSection
	GlobalSection(ProjectConfigurationPlatforms) = postSolution
		{112FAF39-7529-3CD2-B2F2-777975CED6BA}.Debug|Win32.ActiveCfg = Debug|Win32
		{112FAF39-7529-3CD2-B2F2-777975CED6BA}.Debug|Win32.Build.0 = Debug|Win32
		{112FAF39-7529-3CD2-B2F2-777975CED6BA}.Release|Win32.ActiveCfg = Release|Win32
		{112FAF39-7529-3CD2-B2F2-777975CED6BA}.Release|Win32.Build.0 = Release|Win32
		{EB971ED8-F26F-3A48-920B-3BF223E2629A}.Debug|Win32.ActiveCfg = Debug|Win32
		{EB971ED8-F26F-3A48-920B-3BF223E2629A}.Debug|Win32.Build.0 = Debug|Win32
		{EB971ED8-F26F-3A48-920B-3BF223E2629A}.Release|Win32.ActiveCfg = Release|Win32
		{EB971ED8-F26F-3A48-920B-3BF223E2629A}.Release|Win32.Build.0 = Release|Win32
	EndGlobalSection
	GlobalSection(SolutionProperties) = preSolution
		HideSolutionNode = FALSE
	EndGlobalSection
EndGlobal
