
Microsoft Visual Studio Solution File, Format Version 9.00
# Visual Studio 2005
Project("{8BC9CEB8-8B4A-11D0-8D11-00A0C91BC942}") = "marsyas", "..\..\marsyas\marsyas.vcproj", "{7CE6807B-F9BA-361B-AB22-182C6C198DD2}"
EndProject
Project("{8BC9CEB8-8B4A-11D0-8D11-00A0C91BC942}") = "mudbox", "mudbox.vcproj", "{D11C8026-F9D4-3DD2-9494-13848054809B}"
	ProjectSection(ProjectDependencies) = postProject
		{7CE6807B-F9BA-361B-AB22-182C6C198DD2} = {7CE6807B-F9BA-361B-AB22-182C6C198DD2}
	EndProjectSection
EndProject
Global
	GlobalSection(SolutionConfigurationPlatforms) = preSolution
		Debug|Win32 = Debug|Win32
		Release|Win32 = Release|Win32
	EndGlobalSection
	GlobalSection(ProjectConfigurationPlatforms) = postSolution
		{7CE6807B-F9BA-361B-AB22-182C6C198DD2}.Debug|Win32.ActiveCfg = Debug|Win32
		{7CE6807B-F9BA-361B-AB22-182C6C198DD2}.Debug|Win32.Build.0 = Debug|Win32
		{7CE6807B-F9BA-361B-AB22-182C6C198DD2}.Release|Win32.ActiveCfg = Release|Win32
		{7CE6807B-F9BA-361B-AB22-182C6C198DD2}.Release|Win32.Build.0 = Release|Win32
		{D11C8026-F9D4-3DD2-9494-13848054809B}.Debug|Win32.ActiveCfg = Debug|Win32
		{D11C8026-F9D4-3DD2-9494-13848054809B}.Debug|Win32.Build.0 = Debug|Win32
		{D11C8026-F9D4-3DD2-9494-13848054809B}.Release|Win32.ActiveCfg = Release|Win32
		{D11C8026-F9D4-3DD2-9494-13848054809B}.Release|Win32.Build.0 = Release|Win32
	EndGlobalSection
	GlobalSection(SolutionProperties) = preSolution
		HideSolutionNode = FALSE
	EndGlobalSection
	GlobalSection(Qt) = preSolution
		Integration = True
	EndGlobalSection
	GlobalSection(Qt) = preSolution
		Integration = True
	EndGlobalSection
	GlobalSection(Qt) = preSolution
		Integration = True
	EndGlobalSection
EndGlobal
