Microsoft Visual Studio Solution File, Format Version 8.00
Project("{8BC9CEB8-8B4A-11D0-8D11-00A0C91BC942}") = "sfplay", "sfplay\sfplay.vcproj", "{A346BC17-A396-47BD-A998-A2FE0CF65078}"
	ProjectSection(ProjectDependencies) = postProject
	EndProjectSection
EndProject
Project("{8BC9CEB8-8B4A-11D0-8D11-00A0C91BC942}") = "sfinfo", "sfinfo\sfinfo.vcproj", "{53532010-7518-460C-9CCB-9E7D4B293C74}"
	ProjectSection(ProjectDependencies) = postProject
	EndProjectSection
EndProject
Project("{8BC9CEB8-8B4A-11D0-8D11-00A0C91BC942}") = "bextract", "bextract\bextract.vcproj", "{C306F14F-FE52-43A9-A331-E77824E8257B}"
	ProjectSection(ProjectDependencies) = postProject
	EndProjectSection
EndProject
Project("{8BC9CEB8-8B4A-11D0-8D11-00A0C91BC942}") = "sfplugin", "sfplugin\sfplugin.vcproj", "{7F813570-85BA-422F-BA44-CB9B79695915}"
	ProjectSection(ProjectDependencies) = postProject
	EndProjectSection
EndProject
Project("{8BC9CEB8-8B4A-11D0-8D11-00A0C91BC942}") = "extract", "extract\extract.vcproj", "{6B6EDF40-9DAB-4461-9CBC-99C9D84CDCC7}"
	ProjectSection(ProjectDependencies) = postProject
	EndProjectSection
EndProject
Project("{8BC9CEB8-8B4A-11D0-8D11-00A0C91BC942}") = "classifyFile", "classifyFile\classifyFile.vcproj", "{E5681FB6-E373-4E82-AAE4-5F6E5028243A}"
	ProjectSection(ProjectDependencies) = postProject
	EndProjectSection
EndProject
Project("{8BC9CEB8-8B4A-11D0-8D11-00A0C91BC942}") = "marsyas", "marsyas\marsyas.vcproj", "{7ABC801D-6288-47B6-853B-A07F93404686}"
	ProjectSection(ProjectDependencies) = postProject
	EndProjectSection
EndProject
Project("{8BC9CEB8-8B4A-11D0-8D11-00A0C91BC942}") = "phasevocoder", "phasevocoder\phasevocoder.vcproj", "{2F46C442-03C8-4065-A387-7ED9C9F9480A}"
	ProjectSection(ProjectDependencies) = postProject
	EndProjectSection
EndProject
Project("{8BC9CEB8-8B4A-11D0-8D11-00A0C91BC942}") = "mkcollection", "mkcollection\mkcollection.vcproj", "{A388A648-7A42-4271-9629-7FDD4B9F8863}"
	ProjectSection(ProjectDependencies) = postProject
	EndProjectSection
EndProject
Global
	GlobalSection(SolutionConfiguration) = preSolution
		Debug = Debug
		Release = Release
	EndGlobalSection
	GlobalSection(ProjectConfiguration) = postSolution
		{A346BC17-A396-47BD-A998-A2FE0CF65078}.Debug.ActiveCfg = Release|Win32
		{A346BC17-A396-47BD-A998-A2FE0CF65078}.Debug.Build.0 = Release|Win32
		{A346BC17-A396-47BD-A998-A2FE0CF65078}.Release.ActiveCfg = Release|Win32
		{A346BC17-A396-47BD-A998-A2FE0CF65078}.Release.Build.0 = Release|Win32
		{53532010-7518-460C-9CCB-9E7D4B293C74}.Debug.ActiveCfg = Release|Win32
		{53532010-7518-460C-9CCB-9E7D4B293C74}.Debug.Build.0 = Release|Win32
		{53532010-7518-460C-9CCB-9E7D4B293C74}.Release.ActiveCfg = Release|Win32
		{53532010-7518-460C-9CCB-9E7D4B293C74}.Release.Build.0 = Release|Win32
		{C306F14F-FE52-43A9-A331-E77824E8257B}.Debug.ActiveCfg = Release|Win32
		{C306F14F-FE52-43A9-A331-E77824E8257B}.Debug.Build.0 = Release|Win32
		{C306F14F-FE52-43A9-A331-E77824E8257B}.Release.ActiveCfg = Release|Win32
		{C306F14F-FE52-43A9-A331-E77824E8257B}.Release.Build.0 = Release|Win32
		{7F813570-85BA-422F-BA44-CB9B79695915}.Debug.ActiveCfg = Release|Win32
		{7F813570-85BA-422F-BA44-CB9B79695915}.Debug.Build.0 = Release|Win32
		{7F813570-85BA-422F-BA44-CB9B79695915}.Release.ActiveCfg = Release|Win32
		{7F813570-85BA-422F-BA44-CB9B79695915}.Release.Build.0 = Release|Win32
		{6B6EDF40-9DAB-4461-9CBC-99C9D84CDCC7}.Debug.ActiveCfg = Release|Win32
		{6B6EDF40-9DAB-4461-9CBC-99C9D84CDCC7}.Debug.Build.0 = Release|Win32
		{6B6EDF40-9DAB-4461-9CBC-99C9D84CDCC7}.Release.ActiveCfg = Release|Win32
		{6B6EDF40-9DAB-4461-9CBC-99C9D84CDCC7}.Release.Build.0 = Release|Win32
		{E5681FB6-E373-4E82-AAE4-5F6E5028243A}.Debug.ActiveCfg = Release|Win32
		{E5681FB6-E373-4E82-AAE4-5F6E5028243A}.Debug.Build.0 = Release|Win32
		{E5681FB6-E373-4E82-AAE4-5F6E5028243A}.Release.ActiveCfg = Release|Win32
		{E5681FB6-E373-4E82-AAE4-5F6E5028243A}.Release.Build.0 = Release|Win32
		{7ABC801D-6288-47B6-853B-A07F93404686}.Debug.ActiveCfg = Release|Win32
		{7ABC801D-6288-47B6-853B-A07F93404686}.Debug.Build.0 = Release|Win32
		{7ABC801D-6288-47B6-853B-A07F93404686}.Release.ActiveCfg = Release|Win32
		{7ABC801D-6288-47B6-853B-A07F93404686}.Release.Build.0 = Release|Win32
		{2F46C442-03C8-4065-A387-7ED9C9F9480A}.Debug.ActiveCfg = Release|Win32
		{2F46C442-03C8-4065-A387-7ED9C9F9480A}.Debug.Build.0 = Release|Win32
		{2F46C442-03C8-4065-A387-7ED9C9F9480A}.Release.ActiveCfg = Release|Win32
		{2F46C442-03C8-4065-A387-7ED9C9F9480A}.Release.Build.0 = Release|Win32
		{A388A648-7A42-4271-9629-7FDD4B9F8863}.Debug.ActiveCfg = Release|Win32
		{A388A648-7A42-4271-9629-7FDD4B9F8863}.Debug.Build.0 = Release|Win32
		{A388A648-7A42-4271-9629-7FDD4B9F8863}.Release.ActiveCfg = Release|Win32
		{A388A648-7A42-4271-9629-7FDD4B9F8863}.Release.Build.0 = Release|Win32
	EndGlobalSection
	GlobalSection(ExtensibilityGlobals) = postSolution
	EndGlobalSection
	GlobalSection(ExtensibilityAddIns) = postSolution
	EndGlobalSection
EndGlobal
