
Microsoft Visual Studio Solution File, Format Version 9.00
# Visual Studio 2005
Project("{8BC9CEB8-8B4A-11D0-8D11-00A0C91BC942}") = "bextract", "bextract.vcproj", "{2320D7D0-C08F-3170-B5AF-2D6399A9FE7F}"
	GlobalSection(Qt) = preSolution
		Integration = True
	EndGlobalSection
	ProjectSection(ProjectDependencies) = postProject
		{77B37D56-55B3-35DE-BA08-052DF26584B4} = {77B37D56-55B3-35DE-BA08-052DF26584B4}
	EndProjectSection
EndProject
Project("{8BC9CEB8-8B4A-11D0-8D11-00A0C91BC942}") = "marsyas", "..\..\marsyas\marsyas.vcproj", "{77B37D56-55B3-35DE-BA08-052DF26584B4}"
	GlobalSection(Qt) = preSolution
		Integration = True
	EndGlobalSection
EndProject
Global
	GlobalSection(Qt) = preSolution
		Integration = True
	EndGlobalSection
	GlobalSection(SolutionConfigurationPlatforms) = preSolution
		Debug|Win32 = Debug|Win32
		Release|Win32 = Release|Win32
	EndGlobalSection
	GlobalSection(ProjectConfigurationPlatforms) = postSolution
		{2320D7D0-C08F-3170-B5AF-2D6399A9FE7F}.Debug|Win32.ActiveCfg = Debug|Win32
		{2320D7D0-C08F-3170-B5AF-2D6399A9FE7F}.Debug|Win32.Build.0 = Debug|Win32
		{2320D7D0-C08F-3170-B5AF-2D6399A9FE7F}.Release|Win32.ActiveCfg = Release|Win32
		{2320D7D0-C08F-3170-B5AF-2D6399A9FE7F}.Release|Win32.Build.0 = Release|Win32
		{77B37D56-55B3-35DE-BA08-052DF26584B4}.Debug|Win32.ActiveCfg = Debug|Win32
		{77B37D56-55B3-35DE-BA08-052DF26584B4}.Debug|Win32.Build.0 = Debug|Win32
		{77B37D56-55B3-35DE-BA08-052DF26584B4}.Release|Win32.ActiveCfg = Release|Win32
		{77B37D56-55B3-35DE-BA08-052DF26584B4}.Release|Win32.Build.0 = Release|Win32
	EndGlobalSection
	GlobalSection(SolutionProperties) = preSolution
		HideSolutionNode = FALSE
	EndGlobalSection
EndGlobal
