Microsoft Visual Studio Solution File, Format Version 9.00
# Visual Studio 2005
Project("{8BC9CEB8-8B4A-11D0-8D11-00A0C91BC942}") = "sfplay", "sfplay\sfplay.vcproj", "{A346BC17-A396-47BD-A998-A2FE0CF65078}"
EndProject
Project("{8BC9CEB8-8B4A-11D0-8D11-00A0C91BC942}") = "sfinfo", "sfinfo\sfinfo.vcproj", "{53532010-7518-460C-9CCB-9E7D4B293C74}"
EndProject
Project("{8BC9CEB8-8B4A-11D0-8D11-00A0C91BC942}") = "bextract", "bextract\bextract.vcproj", "{C306F14F-FE52-43A9-A331-E77824E8257B}"
EndProject
Project("{8BC9CEB8-8B4A-11D0-8D11-00A0C91BC942}") = "sfplugin", "sfplugin\sfplugin.vcproj", "{7F813570-85BA-422F-BA44-CB9B79695915}"
EndProject
Project("{8BC9CEB8-8B4A-11D0-8D11-00A0C91BC942}") = "extract", "extract\extract.vcproj", "{6B6EDF40-9DAB-4461-9CBC-99C9D84CDCC7}"
EndProject
Project("{8BC9CEB8-8B4A-11D0-8D11-00A0C91BC942}") = "classifyFile", "classifyFile\classifyFile.vcproj", "{E5681FB6-E373-4E82-AAE4-5F6E5028243A}"
EndProject
Project("{8BC9CEB8-8B4A-11D0-8D11-00A0C91BC942}") = "marsyas", "marsyas\marsyas.vcproj", "{7ABC801D-6288-47B6-853B-A07F93404686}"
EndProject
Project("{8BC9CEB8-8B4A-11D0-8D11-00A0C91BC942}") = "phasevocoder", "phasevocoder\phasevocoder.vcproj", "{2F46C442-03C8-4065-A387-7ED9C9F9480A}"
EndProject
Project("{8BC9CEB8-8B4A-11D0-8D11-00A0C91BC942}") = "LPCExample", "LPCExample\LPCExample.vcproj", "{CA511BA0-8175-4684-B2EE-1080F8A00FE3}"
EndProject
Project("{8BC9CEB8-8B4A-11D0-8D11-00A0C91BC942}") = "Tutorial", "Tutorial\Tutorial.vcproj", "{B4D51160-0F66-410F-8DFD-EA3D5A6CCD31}"
EndProject
Project("{8BC9CEB8-8B4A-11D0-8D11-00A0C91BC942}") = "marsyasTests", "marsyasTests\marsyasTests.vcproj", "{F9F2F873-792E-4CD5-AB49-8172B8424A91}"
EndProject
Project("{8BC9CEB8-8B4A-11D0-8D11-00A0C91BC942}") = "peakClustering", "peakClustering\peakClustering.vcproj", "{F62F0374-482B-4119-8966-2371A620B28A}"
EndProject
Project("{8BC9CEB8-8B4A-11D0-8D11-00A0C91BC942}") = "mkcollection", "mkcollection\mkcollection.vcproj", "{E35DF0C2-5FDA-41E2-890C-3F81E0801034}"
	ProjectSection(ProjectDependencies) = postProject
		{7ABC801D-6288-47B6-853B-A07F93404686} = {7ABC801D-6288-47B6-853B-A07F93404686}
	EndProjectSection
EndProject
Project("{8BC9CEB8-8B4A-11D0-8D11-00A0C91BC942}") = "textract", "textract\textract.vcproj", "{A04F5FFD-CC08-45F3-98EE-EDACA4B3D25A}"
EndProject
Global
	GlobalSection(SolutionConfigurationPlatforms) = preSolution
		Debug_MATLAB|Win32 = Debug_MATLAB|Win32
		Debug|Win32 = Debug|Win32
		Release_MATLAB|Win32 = Release_MATLAB|Win32
		Release|Win32 = Release|Win32
	EndGlobalSection
	GlobalSection(ProjectConfigurationPlatforms) = postSolution
		{A346BC17-A396-47BD-A998-A2FE0CF65078}.Debug_MATLAB|Win32.ActiveCfg = Debug_MATLAB|Win32
		{A346BC17-A396-47BD-A998-A2FE0CF65078}.Debug_MATLAB|Win32.Build.0 = Debug_MATLAB|Win32
		{A346BC17-A396-47BD-A998-A2FE0CF65078}.Debug|Win32.ActiveCfg = Debug|Win32
		{A346BC17-A396-47BD-A998-A2FE0CF65078}.Debug|Win32.Build.0 = Debug|Win32
		{A346BC17-A396-47BD-A998-A2FE0CF65078}.Release_MATLAB|Win32.ActiveCfg = Release_MATLAB|Win32
		{A346BC17-A396-47BD-A998-A2FE0CF65078}.Release_MATLAB|Win32.Build.0 = Release_MATLAB|Win32
		{A346BC17-A396-47BD-A998-A2FE0CF65078}.Release|Win32.ActiveCfg = Release|Win32
		{A346BC17-A396-47BD-A998-A2FE0CF65078}.Release|Win32.Build.0 = Release|Win32
		{53532010-7518-460C-9CCB-9E7D4B293C74}.Debug_MATLAB|Win32.ActiveCfg = Debug_MATLAB|Win32
		{53532010-7518-460C-9CCB-9E7D4B293C74}.Debug_MATLAB|Win32.Build.0 = Debug_MATLAB|Win32
		{53532010-7518-460C-9CCB-9E7D4B293C74}.Debug|Win32.ActiveCfg = Debug|Win32
		{53532010-7518-460C-9CCB-9E7D4B293C74}.Debug|Win32.Build.0 = Debug|Win32
		{53532010-7518-460C-9CCB-9E7D4B293C74}.Release_MATLAB|Win32.ActiveCfg = Release_MATLAB|Win32
		{53532010-7518-460C-9CCB-9E7D4B293C74}.Release_MATLAB|Win32.Build.0 = Release_MATLAB|Win32
		{53532010-7518-460C-9CCB-9E7D4B293C74}.Release|Win32.ActiveCfg = Release|Win32
		{53532010-7518-460C-9CCB-9E7D4B293C74}.Release|Win32.Build.0 = Release|Win32
		{C306F14F-FE52-43A9-A331-E77824E8257B}.Debug_MATLAB|Win32.ActiveCfg = Debug_MATLAB|Win32
		{C306F14F-FE52-43A9-A331-E77824E8257B}.Debug_MATLAB|Win32.Build.0 = Debug_MATLAB|Win32
		{C306F14F-FE52-43A9-A331-E77824E8257B}.Debug|Win32.ActiveCfg = Debug|Win32
		{C306F14F-FE52-43A9-A331-E77824E8257B}.Debug|Win32.Build.0 = Debug|Win32
		{C306F14F-FE52-43A9-A331-E77824E8257B}.Release_MATLAB|Win32.ActiveCfg = Release_MATLAB|Win32
		{C306F14F-FE52-43A9-A331-E77824E8257B}.Release_MATLAB|Win32.Build.0 = Release_MATLAB|Win32
		{C306F14F-FE52-43A9-A331-E77824E8257B}.Release|Win32.ActiveCfg = Release|Win32
		{C306F14F-FE52-43A9-A331-E77824E8257B}.Release|Win32.Build.0 = Release|Win32
		{7F813570-85BA-422F-BA44-CB9B79695915}.Debug_MATLAB|Win32.ActiveCfg = Debug_MATLAB|Win32
		{7F813570-85BA-422F-BA44-CB9B79695915}.Debug_MATLAB|Win32.Build.0 = Debug_MATLAB|Win32
		{7F813570-85BA-422F-BA44-CB9B79695915}.Debug|Win32.ActiveCfg = Debug|Win32
		{7F813570-85BA-422F-BA44-CB9B79695915}.Debug|Win32.Build.0 = Debug|Win32
		{7F813570-85BA-422F-BA44-CB9B79695915}.Release_MATLAB|Win32.ActiveCfg = Release_MATLAB|Win32
		{7F813570-85BA-422F-BA44-CB9B79695915}.Release_MATLAB|Win32.Build.0 = Release_MATLAB|Win32
		{7F813570-85BA-422F-BA44-CB9B79695915}.Release|Win32.ActiveCfg = Release|Win32
		{7F813570-85BA-422F-BA44-CB9B79695915}.Release|Win32.Build.0 = Release|Win32
		{6B6EDF40-9DAB-4461-9CBC-99C9D84CDCC7}.Debug_MATLAB|Win32.ActiveCfg = Debug_MATLAB|Win32
		{6B6EDF40-9DAB-4461-9CBC-99C9D84CDCC7}.Debug_MATLAB|Win32.Build.0 = Debug_MATLAB|Win32
		{6B6EDF40-9DAB-4461-9CBC-99C9D84CDCC7}.Debug|Win32.ActiveCfg = Debug|Win32
		{6B6EDF40-9DAB-4461-9CBC-99C9D84CDCC7}.Debug|Win32.Build.0 = Debug|Win32
		{6B6EDF40-9DAB-4461-9CBC-99C9D84CDCC7}.Release_MATLAB|Win32.ActiveCfg = Release_MATLAB|Win32
		{6B6EDF40-9DAB-4461-9CBC-99C9D84CDCC7}.Release_MATLAB|Win32.Build.0 = Release_MATLAB|Win32
		{6B6EDF40-9DAB-4461-9CBC-99C9D84CDCC7}.Release|Win32.ActiveCfg = Release|Win32
		{6B6EDF40-9DAB-4461-9CBC-99C9D84CDCC7}.Release|Win32.Build.0 = Release|Win32
		{E5681FB6-E373-4E82-AAE4-5F6E5028243A}.Debug_MATLAB|Win32.ActiveCfg = Debug_MATLAB|Win32
		{E5681FB6-E373-4E82-AAE4-5F6E5028243A}.Debug_MATLAB|Win32.Build.0 = Debug_MATLAB|Win32
		{E5681FB6-E373-4E82-AAE4-5F6E5028243A}.Debug|Win32.ActiveCfg = Debug|Win32
		{E5681FB6-E373-4E82-AAE4-5F6E5028243A}.Debug|Win32.Build.0 = Debug|Win32
		{E5681FB6-E373-4E82-AAE4-5F6E5028243A}.Release_MATLAB|Win32.ActiveCfg = Release_MATLAB|Win32
		{E5681FB6-E373-4E82-AAE4-5F6E5028243A}.Release_MATLAB|Win32.Build.0 = Release_MATLAB|Win32
		{E5681FB6-E373-4E82-AAE4-5F6E5028243A}.Release|Win32.ActiveCfg = Release|Win32
		{E5681FB6-E373-4E82-AAE4-5F6E5028243A}.Release|Win32.Build.0 = Release|Win32
		{7ABC801D-6288-47B6-853B-A07F93404686}.Debug_MATLAB|Win32.ActiveCfg = Debug_MATLAB|Win32
		{7ABC801D-6288-47B6-853B-A07F93404686}.Debug_MATLAB|Win32.Build.0 = Debug_MATLAB|Win32
		{7ABC801D-6288-47B6-853B-A07F93404686}.Debug|Win32.ActiveCfg = Debug|Win32
		{7ABC801D-6288-47B6-853B-A07F93404686}.Debug|Win32.Build.0 = Debug|Win32
		{7ABC801D-6288-47B6-853B-A07F93404686}.Release_MATLAB|Win32.ActiveCfg = Release_MATLAB|Win32
		{7ABC801D-6288-47B6-853B-A07F93404686}.Release_MATLAB|Win32.Build.0 = Release_MATLAB|Win32
		{7ABC801D-6288-47B6-853B-A07F93404686}.Release|Win32.ActiveCfg = Release|Win32
		{7ABC801D-6288-47B6-853B-A07F93404686}.Release|Win32.Build.0 = Release|Win32
		{2F46C442-03C8-4065-A387-7ED9C9F9480A}.Debug_MATLAB|Win32.ActiveCfg = Debug_MATLAB|Win32
		{2F46C442-03C8-4065-A387-7ED9C9F9480A}.Debug_MATLAB|Win32.Build.0 = Debug_MATLAB|Win32
		{2F46C442-03C8-4065-A387-7ED9C9F9480A}.Debug|Win32.ActiveCfg = Debug|Win32
		{2F46C442-03C8-4065-A387-7ED9C9F9480A}.Debug|Win32.Build.0 = Debug|Win32
		{2F46C442-03C8-4065-A387-7ED9C9F9480A}.Release_MATLAB|Win32.ActiveCfg = Release_MATLAB|Win32
		{2F46C442-03C8-4065-A387-7ED9C9F9480A}.Release_MATLAB|Win32.Build.0 = Release_MATLAB|Win32
		{2F46C442-03C8-4065-A387-7ED9C9F9480A}.Release|Win32.ActiveCfg = Release|Win32
		{2F46C442-03C8-4065-A387-7ED9C9F9480A}.Release|Win32.Build.0 = Release|Win32
		{CA511BA0-8175-4684-B2EE-1080F8A00FE3}.Debug_MATLAB|Win32.ActiveCfg = Debug_MATLAB|Win32
		{CA511BA0-8175-4684-B2EE-1080F8A00FE3}.Debug_MATLAB|Win32.Build.0 = Debug_MATLAB|Win32
		{CA511BA0-8175-4684-B2EE-1080F8A00FE3}.Debug|Win32.ActiveCfg = Debug|Win32
		{CA511BA0-8175-4684-B2EE-1080F8A00FE3}.Debug|Win32.Build.0 = Debug|Win32
		{CA511BA0-8175-4684-B2EE-1080F8A00FE3}.Release_MATLAB|Win32.ActiveCfg = Release_MATLAB|Win32
		{CA511BA0-8175-4684-B2EE-1080F8A00FE3}.Release_MATLAB|Win32.Build.0 = Release_MATLAB|Win32
		{CA511BA0-8175-4684-B2EE-1080F8A00FE3}.Release|Win32.ActiveCfg = Release|Win32
		{CA511BA0-8175-4684-B2EE-1080F8A00FE3}.Release|Win32.Build.0 = Release|Win32
		{B4D51160-0F66-410F-8DFD-EA3D5A6CCD31}.Debug_MATLAB|Win32.ActiveCfg = Debug_MATLAB|Win32
		{B4D51160-0F66-410F-8DFD-EA3D5A6CCD31}.Debug_MATLAB|Win32.Build.0 = Debug_MATLAB|Win32
		{B4D51160-0F66-410F-8DFD-EA3D5A6CCD31}.Debug|Win32.ActiveCfg = Debug|Win32
		{B4D51160-0F66-410F-8DFD-EA3D5A6CCD31}.Debug|Win32.Build.0 = Debug|Win32
		{B4D51160-0F66-410F-8DFD-EA3D5A6CCD31}.Release_MATLAB|Win32.ActiveCfg = Release_MATLAB|Win32
		{B4D51160-0F66-410F-8DFD-EA3D5A6CCD31}.Release_MATLAB|Win32.Build.0 = Release_MATLAB|Win32
		{B4D51160-0F66-410F-8DFD-EA3D5A6CCD31}.Release|Win32.ActiveCfg = Release|Win32
		{B4D51160-0F66-410F-8DFD-EA3D5A6CCD31}.Release|Win32.Build.0 = Release|Win32
		{F9F2F873-792E-4CD5-AB49-8172B8424A91}.Debug_MATLAB|Win32.ActiveCfg = Debug_MATLAB|Win32
		{F9F2F873-792E-4CD5-AB49-8172B8424A91}.Debug_MATLAB|Win32.Build.0 = Debug_MATLAB|Win32
		{F9F2F873-792E-4CD5-AB49-8172B8424A91}.Debug|Win32.ActiveCfg = Debug|Win32
		{F9F2F873-792E-4CD5-AB49-8172B8424A91}.Debug|Win32.Build.0 = Debug|Win32
		{F9F2F873-792E-4CD5-AB49-8172B8424A91}.Release_MATLAB|Win32.ActiveCfg = Release_MATLAB|Win32
		{F9F2F873-792E-4CD5-AB49-8172B8424A91}.Release_MATLAB|Win32.Build.0 = Release_MATLAB|Win32
		{F9F2F873-792E-4CD5-AB49-8172B8424A91}.Release|Win32.ActiveCfg = Release|Win32
		{F9F2F873-792E-4CD5-AB49-8172B8424A91}.Release|Win32.Build.0 = Release|Win32
		{F62F0374-482B-4119-8966-2371A620B28A}.Debug_MATLAB|Win32.ActiveCfg = Debug_MATLAB|Win32
		{F62F0374-482B-4119-8966-2371A620B28A}.Debug_MATLAB|Win32.Build.0 = Debug_MATLAB|Win32
		{F62F0374-482B-4119-8966-2371A620B28A}.Debug|Win32.ActiveCfg = Debug|Win32
		{F62F0374-482B-4119-8966-2371A620B28A}.Debug|Win32.Build.0 = Debug|Win32
		{F62F0374-482B-4119-8966-2371A620B28A}.Release_MATLAB|Win32.ActiveCfg = Release_MATLAB|Win32
		{F62F0374-482B-4119-8966-2371A620B28A}.Release_MATLAB|Win32.Build.0 = Release_MATLAB|Win32
		{F62F0374-482B-4119-8966-2371A620B28A}.Release|Win32.ActiveCfg = Release|Win32
		{F62F0374-482B-4119-8966-2371A620B28A}.Release|Win32.Build.0 = Release|Win32
		{E35DF0C2-5FDA-41E2-890C-3F81E0801034}.Debug_MATLAB|Win32.ActiveCfg = Debug_MATLAB|Win32
		{E35DF0C2-5FDA-41E2-890C-3F81E0801034}.Debug_MATLAB|Win32.Build.0 = Debug_MATLAB|Win32
		{E35DF0C2-5FDA-41E2-890C-3F81E0801034}.Debug|Win32.ActiveCfg = Debug|Win32
		{E35DF0C2-5FDA-41E2-890C-3F81E0801034}.Debug|Win32.Build.0 = Debug|Win32
		{E35DF0C2-5FDA-41E2-890C-3F81E0801034}.Release_MATLAB|Win32.ActiveCfg = Release_MATLAB|Win32
		{E35DF0C2-5FDA-41E2-890C-3F81E0801034}.Release_MATLAB|Win32.Build.0 = Release_MATLAB|Win32
		{E35DF0C2-5FDA-41E2-890C-3F81E0801034}.Release|Win32.ActiveCfg = Release|Win32
		{E35DF0C2-5FDA-41E2-890C-3F81E0801034}.Release|Win32.Build.0 = Release|Win32
		{A04F5FFD-CC08-45F3-98EE-EDACA4B3D25A}.Debug_MATLAB|Win32.ActiveCfg = Debug_MATLAB|Win32
		{A04F5FFD-CC08-45F3-98EE-EDACA4B3D25A}.Debug_MATLAB|Win32.Build.0 = Debug_MATLAB|Win32
		{A04F5FFD-CC08-45F3-98EE-EDACA4B3D25A}.Debug|Win32.ActiveCfg = Debug|Win32
		{A04F5FFD-CC08-45F3-98EE-EDACA4B3D25A}.Debug|Win32.Build.0 = Debug|Win32
		{A04F5FFD-CC08-45F3-98EE-EDACA4B3D25A}.Release_MATLAB|Win32.ActiveCfg = Release_MATLAB|Win32
		{A04F5FFD-CC08-45F3-98EE-EDACA4B3D25A}.Release_MATLAB|Win32.Build.0 = Release_MATLAB|Win32
		{A04F5FFD-CC08-45F3-98EE-EDACA4B3D25A}.Release|Win32.ActiveCfg = Release|Win32
		{A04F5FFD-CC08-45F3-98EE-EDACA4B3D25A}.Release|Win32.Build.0 = Release|Win32
	EndGlobalSection
	GlobalSection(SolutionProperties) = preSolution
		HideSolutionNode = FALSE
	EndGlobalSection
EndGlobal
