
Microsoft Visual Studio Solution File, Format Version 9.00
# Visual Studio 2005
Project("{8BC9CEB8-8B4A-11D0-8D11-00A0C91BC942}") = "bextract", "bextract.vcproj", "{AA3A3A51-F39B-3C2A-8B1F-B6D232F4EB34}"
	GlobalSection(Qt) = preSolution
		Integration = True
	EndGlobalSection
	ProjectSection(ProjectDependencies) = postProject
		{A25F3CDB-66D9-3769-8405-BA82EDE1B6C4} = {A25F3CDB-66D9-3769-8405-BA82EDE1B6C4}
	EndProjectSection
EndProject
Project("{8BC9CEB8-8B4A-11D0-8D11-00A0C91BC942}") = "marsyas", "..\..\marsyas\marsyas.vcproj", "{A25F3CDB-66D9-3769-8405-BA82EDE1B6C4}"
	GlobalSection(Qt) = preSolution
		Integration = True
	EndGlobalSection
EndProject
Global
	GlobalSection(Qt) = preSolution
		Integration = True
	EndGlobalSection
	GlobalSection(SolutionConfigurationPlatforms) = preSolution
		Debug|Win32 = Debug|Win32
		Release|Win32 = Release|Win32
	EndGlobalSection
	GlobalSection(ProjectConfigurationPlatforms) = postSolution
		{AA3A3A51-F39B-3C2A-8B1F-B6D232F4EB34}.Debug|Win32.ActiveCfg = Debug|Win32
		{AA3A3A51-F39B-3C2A-8B1F-B6D232F4EB34}.Debug|Win32.Build.0 = Debug|Win32
		{AA3A3A51-F39B-3C2A-8B1F-B6D232F4EB34}.Release|Win32.ActiveCfg = Release|Win32
		{AA3A3A51-F39B-3C2A-8B1F-B6D232F4EB34}.Release|Win32.Build.0 = Release|Win32
		{A25F3CDB-66D9-3769-8405-BA82EDE1B6C4}.Debug|Win32.ActiveCfg = Debug|Win32
		{A25F3CDB-66D9-3769-8405-BA82EDE1B6C4}.Debug|Win32.Build.0 = Debug|Win32
		{A25F3CDB-66D9-3769-8405-BA82EDE1B6C4}.Release|Win32.ActiveCfg = Release|Win32
		{A25F3CDB-66D9-3769-8405-BA82EDE1B6C4}.Release|Win32.Build.0 = Release|Win32
	EndGlobalSection
	GlobalSection(SolutionProperties) = preSolution
		HideSolutionNode = FALSE
	EndGlobalSection
EndGlobal
