
Microsoft Visual Studio Solution File, Format Version 9.00
# Visual Studio 2005
Project("{8BC9CEB8-8B4A-11D0-8D11-00A0C91BC942}") = "MarPhasevocoder", "MarPhasevocoder.vcproj", "{FF891051-D71E-3A77-A845-EC4955E92F50}"
	ProjectSection(ProjectDependencies) = postProject
		{E05964E9-10F8-3D3C-81C9-7C724A39EDF1} = {E05964E9-10F8-3D3C-81C9-7C724A39EDF1}
	EndProjectSection
EndProject
Project("{8BC9CEB8-8B4A-11D0-8D11-00A0C91BC942}") = "marsyas", "..\..\..\marsyas\marsyas.vcproj", "{E05964E9-10F8-3D3C-81C9-7C724A39EDF1}"
EndProject
Global
	GlobalSection(SolutionConfigurationPlatforms) = preSolution
		Debug|Win32 = Debug|Win32
		Release|Win32 = Release|Win32
	EndGlobalSection
	GlobalSection(ProjectConfigurationPlatforms) = postSolution
		{FF891051-D71E-3A77-A845-EC4955E92F50}.Debug|Win32.ActiveCfg = Debug|Win32
		{FF891051-D71E-3A77-A845-EC4955E92F50}.Debug|Win32.Build.0 = Debug|Win32
		{FF891051-D71E-3A77-A845-EC4955E92F50}.Release|Win32.ActiveCfg = Release|Win32
		{FF891051-D71E-3A77-A845-EC4955E92F50}.Release|Win32.Build.0 = Release|Win32
		{E05964E9-10F8-3D3C-81C9-7C724A39EDF1}.Debug|Win32.ActiveCfg = Debug|Win32
		{E05964E9-10F8-3D3C-81C9-7C724A39EDF1}.Debug|Win32.Build.0 = Debug|Win32
		{E05964E9-10F8-3D3C-81C9-7C724A39EDF1}.Release|Win32.ActiveCfg = Release|Win32
		{E05964E9-10F8-3D3C-81C9-7C724A39EDF1}.Release|Win32.Build.0 = Release|Win32
	EndGlobalSection
	GlobalSection(SolutionProperties) = preSolution
		HideSolutionNode = FALSE
	EndGlobalSection
	GlobalSection(Qt) = preSolution
		Integration = True
	EndGlobalSection
	GlobalSection(Qt) = preSolution
		Integration = True
	EndGlobalSection
	GlobalSection(Qt) = preSolution
		Integration = True
	EndGlobalSection
EndGlobal
