// !$*UTF8*$!
{
	archiveVersion = 1;
	classes = {
	};
	objectVersion = 42;
	objects = {

/* Begin PBXBuildFile section */
		562B7A0A0B066300000082F7 /* CoreAudio.framework in Frameworks */ = {isa = PBXBuildFile; fileRef = 562B7A070B066300000082F7 /* CoreAudio.framework */; };
		562B7A0B0B066300000082F7 /* CoreFoundation.framework in Frameworks */ = {isa = PBXBuildFile; fileRef = 562B7A080B066300000082F7 /* CoreFoundation.framework */; };
		562B7A0C0B066300000082F7 /* CoreMIDI.framework in Frameworks */ = {isa = PBXBuildFile; fileRef = 562B7A090B066300000082F7 /* CoreMIDI.framework */; };
		562B7A0E0B066313000082F7 /* bextract.cpp in Sources */ = {isa = PBXBuildFile; fileRef = 562B7A0D0B066313000082F7 /* bextract.cpp */; };
/* End PBXBuildFile section */

/* Begin PBXFileReference section */
		562B7A000B0662E6000082F7 /* bextract */ = {isa = PBXFileReference; explicitFileType = "compiled.mach-o.executable"; includeInIndex = 0; path = bextract; sourceTree = BUILT_PRODUCTS_DIR; };
		562B7A070B066300000082F7 /* CoreAudio.framework */ = {isa = PBXFileReference; lastKnownFileType = wrapper.framework; name = CoreAudio.framework; path = /Developer/SDKs/MacOSX10.4u.sdk/System/Library/Frameworks/CoreAudio.framework; sourceTree = "<absolute>"; };
		562B7A080B066300000082F7 /* CoreFoundation.framework */ = {isa = PBXFileReference; lastKnownFileType = wrapper.framework; name = CoreFoundation.framework; path = /Developer/SDKs/MacOSX10.4u.sdk/System/Library/Frameworks/CoreFoundation.framework; sourceTree = "<absolute>"; };
		562B7A090B066300000082F7 /* CoreMIDI.framework */ = {isa = PBXFileReference; lastKnownFileType = wrapper.framework; name = CoreMIDI.framework; path = /Developer/SDKs/MacOSX10.4u.sdk/System/Library/Frameworks/CoreMIDI.framework; sourceTree = "<absolute>"; };
		562B7A0D0B066313000082F7 /* bextract.cpp */ = {isa = PBXFileReference; fileEncoding = 30; lastKnownFileType = sourcecode.cpp.cpp; name = bextract.cpp; path = ../../src/bextract.cpp; sourceTree = SOURCE_ROOT; };
/* End PBXFileReference section */

/* Begin PBXFrameworksBuildPhase section */
		562B79FD0B0662E6000082F7 /* Frameworks */ = {
			isa = PBXFrameworksBuildPhase;
			buildActionMask = 2147483647;
			files = (
				562B7A0A0B066300000082F7 /* CoreAudio.framework in Frameworks */,
				562B7A0B0B066300000082F7 /* CoreFoundation.framework in Frameworks */,
				562B7A0C0B066300000082F7 /* CoreMIDI.framework in Frameworks */,
			);
			runOnlyForDeploymentPostprocessing = 0;
		};
/* End PBXFrameworksBuildPhase section */

/* Begin PBXGroup section */
		562B79F10B0662DC000082F7 = {
			isa = PBXGroup;
			children = (
				562B7A0D0B066313000082F7 /* bextract.cpp */,
				562B7A070B066300000082F7 /* CoreAudio.framework */,
				562B7A080B066300000082F7 /* CoreFoundation.framework */,
				562B7A090B066300000082F7 /* CoreMIDI.framework */,
				562B7A010B0662E6000082F7 /* Products */,
			);
			sourceTree = "<group>";
		};
		562B7A010B0662E6000082F7 /* Products */ = {
			isa = PBXGroup;
			children = (
				562B7A000B0662E6000082F7 /* bextract */,
			);
			name = Products;
			sourceTree = "<group>";
		};
/* End PBXGroup section */

/* Begin PBXHeadersBuildPhase section */
		562B79FB0B0662E6000082F7 /* Headers */ = {
			isa = PBXHeadersBuildPhase;
			buildActionMask = 2147483647;
			files = (
			);
			runOnlyForDeploymentPostprocessing = 0;
		};
/* End PBXHeadersBuildPhase section */

/* Begin PBXProject section */
		562B79F30B0662DC000082F7 /* Project object */ = {
			isa = PBXProject;
			buildConfigurationList = 562B79F40B0662DC000082F7 /* Build configuration list for PBXProject "bextract" */;
			buildStyles = (
			);
			hasScannedForEncodings = 0;
			mainGroup = 562B79F10B0662DC000082F7;
			productRefGroup = 562B7A010B0662E6000082F7 /* Products */;
			projectDirPath = "";
			targets = (
				562B79FF0B0662E6000082F7 /* bextract */,
			);
		};
/* End PBXProject section */

/* Begin PBXRezBuildPhase section */
		562B79FE0B0662E6000082F7 /* Rez */ = {
			isa = PBXRezBuildPhase;
			buildActionMask = 2147483647;
			files = (
			);
			runOnlyForDeploymentPostprocessing = 0;
		};
/* End PBXRezBuildPhase section */

/* Begin PBXSourcesBuildPhase section */
		562B79FC0B0662E6000082F7 /* Sources */ = {
			isa = PBXSourcesBuildPhase;
			buildActionMask = 2147483647;
			files = (
				562B7A0E0B066313000082F7 /* bextract.cpp in Sources */,
			);
			runOnlyForDeploymentPostprocessing = 0;
		};
/* End PBXSourcesBuildPhase section */

/* Begin PBXToolTarget section */
		562B79FF0B0662E6000082F7 /* bextract */ = {
			isa = PBXToolTarget;
			buildConfigurationList = 562B7A030B0662E6000082F7 /* Build configuration list for PBXToolTarget "bextract" */;
			buildPhases = (
				562B79FB0B0662E6000082F7 /* Headers */,
				562B79FC0B0662E6000082F7 /* Sources */,
				562B79FD0B0662E6000082F7 /* Frameworks */,
				562B79FE0B0662E6000082F7 /* Rez */,
			);
			buildSettings = {
				OPTIMIZATION_CFLAGS = "";
				OTHER_CFLAGS = "";
				OTHER_LDFLAGS = "";
				OTHER_REZFLAGS = "";
				PRODUCT_NAME = bextract;
				REZ_EXECUTABLE = YES;
				SECTORDER_FLAGS = "";
				WARNING_CFLAGS = (
					"-Wmost",
					"-Wno-four-char-constants",
					"-Wno-unknown-pragmas",
				);
			};
			dependencies = (
			);
			name = bextract;
			productInstallPath = /usr/local/bin;
			productName = bextract;
			productReference = 562B7A000B0662E6000082F7 /* bextract */;
		};
/* End PBXToolTarget section */

/* Begin XCBuildConfiguration section */
		562B79F50B0662DC000082F7 /* Debug_MRSAUDIO_MRSMIDI */ = {
			isa = XCBuildConfiguration;
			buildSettings = {
				COPY_PHASE_STRIP = NO;
				HEADER_SEARCH_PATHS = (
					../../marsyas,
					/usr/local/include,
					/usr/include,
				);
				LIBRARY_SEARCH_PATHS = (
					../marsyas/Debug_MRSAUDIO_MRSMIDI,
					/usr/local/lib,
					/usr/lib,
				);
				PRELINK_LIBS = "-lmarsyas -lpthread -lcurses";
				SYMROOT = .;
			};
			name = Debug_MRSAUDIO_MRSMIDI;
		};
		562B79F60B0662DC000082F7 /* Release_MRSAUDIO_MRSMIDI */ = {
			isa = XCBuildConfiguration;
			buildSettings = {
				COPY_PHASE_STRIP = YES;
				HEADER_SEARCH_PATHS = (
					../../marsyas,
					/usr/local/include,
					/usr/include,
				);
				LIBRARY_SEARCH_PATHS = (
					../marsyas/Release_MRSAUDIO_MRSMIDI,
					/usr/local/lib,
					/usr/lib,
				);
				PRELINK_LIBS = "-lmarsyas -lpthread -lcurses";
				SYMROOT = .;
			};
			name = Release_MRSAUDIO_MRSMIDI;
		};
		562B7A040B0662E6000082F7 /* Debug_MRSAUDIO_MRSMIDI */ = {
			isa = XCBuildConfiguration;
			buildSettings = {
				COPY_PHASE_STRIP = NO;
				FRAMEWORK_SEARCH_PATHS = (
					"$(FRAMEWORK_SEARCH_PATHS)",
					"$(SYSTEM_DEVELOPER_DIR)/SDKs/MacOSX10.4u.sdk/System/Library/Frameworks",
				);
				GCC_DYNAMIC_NO_PIC = NO;
				GCC_GENERATE_DEBUGGING_SYMBOLS = YES;
				GCC_OPTIMIZATION_LEVEL = 0;
				OPTIMIZATION_CFLAGS = "";
				OTHER_CFLAGS = "";
				OTHER_LDFLAGS = "";
				OTHER_REZFLAGS = "";
				PRODUCT_NAME = bextract;
				REZ_EXECUTABLE = YES;
				SECTORDER_FLAGS = "";
				WARNING_CFLAGS = (
					"-Wmost",
					"-Wno-four-char-constants",
					"-Wno-unknown-pragmas",
				);
			};
			name = Debug_MRSAUDIO_MRSMIDI;
		};
		562B7A050B0662E6000082F7 /* Release_MRSAUDIO_MRSMIDI */ = {
			isa = XCBuildConfiguration;
			buildSettings = {
				COPY_PHASE_STRIP = YES;
				FRAMEWORK_SEARCH_PATHS = (
					"$(FRAMEWORK_SEARCH_PATHS)",
					"$(SYSTEM_DEVELOPER_DIR)/SDKs/MacOSX10.4u.sdk/System/Library/Frameworks",
				);
				GCC_ENABLE_FIX_AND_CONTINUE = NO;
				GCC_GENERATE_DEBUGGING_SYMBOLS = NO;
				OPTIMIZATION_CFLAGS = "";
				OTHER_CFLAGS = "";
				OTHER_LDFLAGS = "";
				OTHER_REZFLAGS = "";
				PRODUCT_NAME = bextract;
				REZ_EXECUTABLE = YES;
				SECTORDER_FLAGS = "";
				WARNING_CFLAGS = (
					"-Wmost",
					"-Wno-four-char-constants",
					"-Wno-unknown-pragmas",
				);
				ZERO_LINK = NO;
			};
			name = Release_MRSAUDIO_MRSMIDI;
		};
		562B7A180B0663B0000082F7 /* Debug_MAD_MATLAB_MRSASSERT_MRSAUDIO_MRSMIDI_MRSWARNING_READLINE */ = {
			isa = XCBuildConfiguration;
			buildSettings = {
				COPY_PHASE_STRIP = NO;
				FRAMEWORK_SEARCH_PATHS = (
					"$(FRAMEWORK_SEARCH_PATHS)",
					"$(SYSTEM_DEVELOPER_DIR)/SDKs/MacOSX10.4u.sdk/System/Library/Frameworks",
				);
				GCC_DYNAMIC_NO_PIC = NO;
				GCC_GENERATE_DEBUGGING_SYMBOLS = YES;
				GCC_OPTIMIZATION_LEVEL = 0;
				OPTIMIZATION_CFLAGS = "";
				OTHER_CFLAGS = "";
				OTHER_LDFLAGS = "";
				OTHER_REZFLAGS = "";
				PRODUCT_NAME = bextract;
				REZ_EXECUTABLE = YES;
				SECTORDER_FLAGS = "";
				WARNING_CFLAGS = (
					"-Wmost",
					"-Wno-four-char-constants",
					"-Wno-unknown-pragmas",
				);
			};
			name = Debug_MAD_MATLAB_MRSASSERT_MRSAUDIO_MRSMIDI_MRSWARNING_READLINE;
		};
		562B7A190B0663B0000082F7 /* Release_MAD_MATLAB_MRSASSERT_MRSAUDIO_MRSMIDI_MRSWARNING_READLINE */ = {
			isa = XCBuildConfiguration;
			buildSettings = {
				COPY_PHASE_STRIP = YES;
				FRAMEWORK_SEARCH_PATHS = (
					"$(FRAMEWORK_SEARCH_PATHS)",
					"$(SYSTEM_DEVELOPER_DIR)/SDKs/MacOSX10.4u.sdk/System/Library/Frameworks",
				);
				GCC_ENABLE_FIX_AND_CONTINUE = NO;
				GCC_GENERATE_DEBUGGING_SYMBOLS = NO;
				OPTIMIZATION_CFLAGS = "";
				OTHER_CFLAGS = "";
				OTHER_LDFLAGS = "";
				OTHER_REZFLAGS = "";
				PRODUCT_NAME = bextract;
				REZ_EXECUTABLE = YES;
				SECTORDER_FLAGS = "";
				WARNING_CFLAGS = (
					"-Wmost",
					"-Wno-four-char-constants",
					"-Wno-unknown-pragmas",
				);
				ZERO_LINK = NO;
			};
			name = Release_MAD_MATLAB_MRSASSERT_MRSAUDIO_MRSMIDI_MRSWARNING_READLINE;
		};
		562B7A1A0B0663B0000082F7 /* Debug_MAD_MATLAB_MRSASSERT_MRSAUDIO_MRSMIDI_MRSWARNING_READLINE */ = {
			isa = XCBuildConfiguration;
			buildSettings = {
				COPY_PHASE_STRIP = NO;
				HEADER_SEARCH_PATHS = (
					../../marsyas,
					/Applications/MATLAB7/extern/include,
					/usr/local/include,
					/usr/include,
				);
				LIBRARY_SEARCH_PATHS = (
					../marsyas/Debug_MAD_MATLAB_MRSASSERT_MRSAUDIO_MRSMIDI_MRSWARNING_READLINE,
					/Applications/MATLAB7/bin/mac,
					/usr/local/lib,
					/usr/lib,
				);
				PRELINK_LIBS = "-lmarsyas -lpthread -lobjc -leng -lut -lmx -lmat -licudata.24 -licui18n.24 -licuuc.24 -lustdio.24 -lz -lmad -lreadline -lcurses";
				SYMROOT = .;
			};
			name = Debug_MAD_MATLAB_MRSASSERT_MRSAUDIO_MRSMIDI_MRSWARNING_READLINE;
		};
		562B7A1B0B0663B0000082F7 /* Release_MAD_MATLAB_MRSASSERT_MRSAUDIO_MRSMIDI_MRSWARNING_READLINE */ = {
			isa = XCBuildConfiguration;
			buildSettings = {
				COPY_PHASE_STRIP = YES;
				HEADER_SEARCH_PATHS = (
					../../marsyas,
					/Applications/MATLAB7/extern/include,
					/usr/local/include,
					/usr/include,
				);
				LIBRARY_SEARCH_PATHS = (
					../marsyas/Release_MAD_MATLAB_MRSASSERT_MRSAUDIO_MRSMIDI_MRSWARNING_READLINE,
					/Applications/MATLAB7/bin/mac/,
					/usr/local/lib,
					/usr/lib,
				);
				PRELINK_LIBS = "-lmarsyas -lpthread -lobjc -leng -lut -lmx -lmat -licudata.24 -licui18n.24 -licuuc.24 -lustdio.24 -lz -lmad -lreadline -lcurses";
				SYMROOT = .;
			};
			name = Release_MAD_MATLAB_MRSASSERT_MRSAUDIO_MRSMIDI_MRSWARNING_READLINE;
		};
/* End XCBuildConfiguration section */

/* Begin XCConfigurationList section */
		562B79F40B0662DC000082F7 /* Build configuration list for PBXProject "bextract" */ = {
			isa = XCConfigurationList;
			buildConfigurations = (
				562B79F50B0662DC000082F7 /* Debug_MRSAUDIO_MRSMIDI */,
				562B7A1A0B0663B0000082F7 /* Debug_MAD_MATLAB_MRSASSERT_MRSAUDIO_MRSMIDI_MRSWARNING_READLINE */,
				562B79F60B0662DC000082F7 /* Release_MRSAUDIO_MRSMIDI */,
				562B7A1B0B0663B0000082F7 /* Release_MAD_MATLAB_MRSASSERT_MRSAUDIO_MRSMIDI_MRSWARNING_READLINE */,
			);
			defaultConfigurationIsVisible = 0;
			defaultConfigurationName = Release_MRSAUDIO_MRSMIDI;
		};
		562B7A030B0662E6000082F7 /* Build configuration list for PBXToolTarget "bextract" */ = {
			isa = XCConfigurationList;
			buildConfigurations = (
				562B7A040B0662E6000082F7 /* Debug_MRSAUDIO_MRSMIDI */,
				562B7A180B0663B0000082F7 /* Debug_MAD_MATLAB_MRSASSERT_MRSAUDIO_MRSMIDI_MRSWARNING_READLINE */,
				562B7A050B0662E6000082F7 /* Release_MRSAUDIO_MRSMIDI */,
				562B7A190B0663B0000082F7 /* Release_MAD_MATLAB_MRSASSERT_MRSAUDIO_MRSMIDI_MRSWARNING_READLINE */,
			);
			defaultConfigurationIsVisible = 0;
			defaultConfigurationName = Release_MRSAUDIO_MRSMIDI;
		};
/* End XCConfigurationList section */
	};
	rootObject = 562B79F30B0662DC000082F7 /* Project object */;
}
