// !$*UTF8*$!
{
	archiveVersion = 1;
	classes = {
	};
	objectVersion = 42;
	objects = {

/* Begin PBXBuildFile section */
		562B79280B0656C2000082F7 /* CoreAudio.framework in Frameworks */ = {isa = PBXBuildFile; fileRef = 562B79250B0656C2000082F7 /* CoreAudio.framework */; };
		562B79290B0656C2000082F7 /* CoreFoundation.framework in Frameworks */ = {isa = PBXBuildFile; fileRef = 562B79260B0656C2000082F7 /* CoreFoundation.framework */; };
		562B792A0B0656C2000082F7 /* CoreMIDI.framework in Frameworks */ = {isa = PBXBuildFile; fileRef = 562B79270B0656C2000082F7 /* CoreMIDI.framework */; };
		562B792C0B0656D7000082F7 /* peakClustering.cpp in Sources */ = {isa = PBXBuildFile; fileRef = 562B792B0B0656D7000082F7 /* peakClustering.cpp */; };
		562B7AB40B090F30000082F7 /* PeClusters.h in Headers */ = {isa = PBXBuildFile; fileRef = 562B7AB30B090F30000082F7 /* PeClusters.h */; };
/* End PBXBuildFile section */

/* Begin PBXBuildStyle section */
		562B79CA0B065F47000082F7 /* Development */ = {
			isa = PBXBuildStyle;
			buildSettings = {
				COPY_PHASE_STRIP = NO;
			};
			name = Development;
		};
		562B79CB0B065F47000082F7 /* Deployment */ = {
			isa = PBXBuildStyle;
			buildSettings = {
				COPY_PHASE_STRIP = YES;
			};
			name = Deployment;
		};
/* End PBXBuildStyle section */

/* Begin PBXContainerItemProxy section */
		5679A01D0B0947F700742B62 /* PBXContainerItemProxy */ = {
			isa = PBXContainerItemProxy;
			containerPortal = 5679A0190B0947F700742B62 /* marsyas.xcodeproj */;
			proxyType = 2;
			remoteGlobalIDString = 56FB6A650B0545AD0098B8DC;
			remoteInfo = marsyas;
		};
		5679A0380B094A1A00742B62 /* PBXContainerItemProxy */ = {
			isa = PBXContainerItemProxy;
			containerPortal = 5679A0190B0947F700742B62 /* marsyas.xcodeproj */;
			proxyType = 1;
			remoteGlobalIDString = 56FB6A640B0545AD0098B8DC;
			remoteInfo = marsyas;
		};
/* End PBXContainerItemProxy section */

/* Begin PBXFileReference section */
		562B791B0B065682000082F7 /* peakClustering */ = {isa = PBXFileReference; explicitFileType = "compiled.mach-o.executable"; includeInIndex = 0; path = peakClustering; sourceTree = BUILT_PRODUCTS_DIR; };
		562B79250B0656C2000082F7 /* CoreAudio.framework */ = {isa = PBXFileReference; lastKnownFileType = wrapper.framework; name = CoreAudio.framework; path = /Developer/SDKs/MacOSX10.4u.sdk/System/Library/Frameworks/CoreAudio.framework; sourceTree = "<absolute>"; };
		562B79260B0656C2000082F7 /* CoreFoundation.framework */ = {isa = PBXFileReference; lastKnownFileType = wrapper.framework; name = CoreFoundation.framework; path = /Developer/SDKs/MacOSX10.4u.sdk/System/Library/Frameworks/CoreFoundation.framework; sourceTree = "<absolute>"; };
		562B79270B0656C2000082F7 /* CoreMIDI.framework */ = {isa = PBXFileReference; lastKnownFileType = wrapper.framework; name = CoreMIDI.framework; path = /Developer/SDKs/MacOSX10.4u.sdk/System/Library/Frameworks/CoreMIDI.framework; sourceTree = "<absolute>"; };
		562B792B0B0656D7000082F7 /* peakClustering.cpp */ = {isa = PBXFileReference; fileEncoding = 30; lastKnownFileType = sourcecode.cpp.cpp; name = peakClustering.cpp; path = ../../src/peakClustering.cpp; sourceTree = SOURCE_ROOT; };
		562B7AB30B090F30000082F7 /* PeClusters.h */ = {isa = PBXFileReference; fileEncoding = 30; lastKnownFileType = sourcecode.c.h; name = PeClusters.h; path = ../../marsyas/PeClusters.h; sourceTree = SOURCE_ROOT; };
		5679A0190B0947F700742B62 /* marsyas.xcodeproj */ = {isa = PBXFileReference; lastKnownFileType = "wrapper.pb-project"; name = marsyas.xcodeproj; path = ../marsyas/marsyas.xcodeproj; sourceTree = SOURCE_ROOT; };
/* End PBXFileReference section */

/* Begin PBXFrameworksBuildPhase section */
		562B79180B065682000082F7 /* Frameworks */ = {
			isa = PBXFrameworksBuildPhase;
			buildActionMask = 2147483647;
			files = (
				562B79280B0656C2000082F7 /* CoreAudio.framework in Frameworks */,
				562B79290B0656C2000082F7 /* CoreFoundation.framework in Frameworks */,
				562B792A0B0656C2000082F7 /* CoreMIDI.framework in Frameworks */,
			);
			runOnlyForDeploymentPostprocessing = 0;
		};
/* End PBXFrameworksBuildPhase section */

/* Begin PBXGroup section */
		562B790C0B065678000082F7 = {
			isa = PBXGroup;
			children = (
				5679A0190B0947F700742B62 /* marsyas.xcodeproj */,
				562B7AB30B090F30000082F7 /* PeClusters.h */,
				562B792B0B0656D7000082F7 /* peakClustering.cpp */,
				562B79250B0656C2000082F7 /* CoreAudio.framework */,
				562B79260B0656C2000082F7 /* CoreFoundation.framework */,
				562B79270B0656C2000082F7 /* CoreMIDI.framework */,
				562B791C0B065682000082F7 /* Products */,
			);
			sourceTree = "<group>";
		};
		562B791C0B065682000082F7 /* Products */ = {
			isa = PBXGroup;
			children = (
				562B791B0B065682000082F7 /* peakClustering */,
			);
			name = Products;
			sourceTree = "<group>";
		};
		5679A01A0B0947F700742B62 /* Products */ = {
			isa = PBXGroup;
			children = (
				5679A01E0B0947F700742B62 /* libmarsyas.a */,
			);
			name = Products;
			sourceTree = "<group>";
		};
/* End PBXGroup section */

/* Begin PBXHeadersBuildPhase section */
		562B79160B065682000082F7 /* Headers */ = {
			isa = PBXHeadersBuildPhase;
			buildActionMask = 2147483647;
			files = (
				562B7AB40B090F30000082F7 /* PeClusters.h in Headers */,
			);
			runOnlyForDeploymentPostprocessing = 0;
		};
/* End PBXHeadersBuildPhase section */

/* Begin PBXProject section */
		562B790E0B065678000082F7 /* Project object */ = {
			isa = PBXProject;
			buildConfigurationList = 562B790F0B065678000082F7 /* Build configuration list for PBXProject "peakClustering" */;
			buildSettings = {
			};
			buildStyles = (
				562B79CA0B065F47000082F7 /* Development */,
				562B79CB0B065F47000082F7 /* Deployment */,
			);
			hasScannedForEncodings = 0;
			mainGroup = 562B790C0B065678000082F7;
			productRefGroup = 562B791C0B065682000082F7 /* Products */;
			projectDirPath = "";
			projectReferences = (
				{
					ProductGroup = 5679A01A0B0947F700742B62 /* Products */;
					ProjectRef = 5679A0190B0947F700742B62 /* marsyas.xcodeproj */;
				},
			);
			targets = (
				562B791A0B065682000082F7 /* peakClustering */,
			);
		};
/* End PBXProject section */

/* Begin PBXReferenceProxy section */
		5679A01E0B0947F700742B62 /* libmarsyas.a */ = {
			isa = PBXReferenceProxy;
			fileType = archive.ar;
			path = libmarsyas.a;
			remoteRef = 5679A01D0B0947F700742B62 /* PBXContainerItemProxy */;
			sourceTree = BUILT_PRODUCTS_DIR;
		};
/* End PBXReferenceProxy section */

/* Begin PBXRezBuildPhase section */
		562B79190B065682000082F7 /* Rez */ = {
			isa = PBXRezBuildPhase;
			buildActionMask = 2147483647;
			files = (
			);
			runOnlyForDeploymentPostprocessing = 0;
		};
/* End PBXRezBuildPhase section */

/* Begin PBXSourcesBuildPhase section */
		562B79170B065682000082F7 /* Sources */ = {
			isa = PBXSourcesBuildPhase;
			buildActionMask = 2147483647;
			files = (
				562B792C0B0656D7000082F7 /* peakClustering.cpp in Sources */,
			);
			runOnlyForDeploymentPostprocessing = 0;
		};
/* End PBXSourcesBuildPhase section */

/* Begin PBXTargetDependency section */
		5679A0390B094A1A00742B62 /* PBXTargetDependency */ = {
			isa = PBXTargetDependency;
			name = marsyas;
			targetProxy = 5679A0380B094A1A00742B62 /* PBXContainerItemProxy */;
		};
/* End PBXTargetDependency section */

/* Begin PBXToolTarget section */
		562B791A0B065682000082F7 /* peakClustering */ = {
			isa = PBXToolTarget;
			buildConfigurationList = 562B791E0B065682000082F7 /* Build configuration list for PBXToolTarget "peakClustering" */;
			buildPhases = (
				562B79160B065682000082F7 /* Headers */,
				562B79170B065682000082F7 /* Sources */,
				562B79180B065682000082F7 /* Frameworks */,
				562B79190B065682000082F7 /* Rez */,
			);
			buildSettings = {
				OPTIMIZATION_CFLAGS = "";
				OTHER_CFLAGS = "";
				OTHER_LDFLAGS = "";
				OTHER_REZFLAGS = "";
				PRODUCT_NAME = peakClustering;
				REZ_EXECUTABLE = YES;
				SECTORDER_FLAGS = "";
				WARNING_CFLAGS = (
					"-Wmost",
					"-Wno-four-char-constants",
					"-Wno-unknown-pragmas",
				);
			};
			dependencies = (
				5679A0390B094A1A00742B62 /* PBXTargetDependency */,
			);
			name = peakClustering;
			productInstallPath = /usr/local/bin;
			productName = peakClustering;
			productReference = 562B791B0B065682000082F7 /* peakClustering */;
		};
/* End PBXToolTarget section */

/* Begin XCBuildConfiguration section */
		562B79100B065678000082F7 /* Debug_MRSAUDIO_MRSMIDI */ = {
			isa = XCBuildConfiguration;
			buildSettings = {
				COPY_PHASE_STRIP = NO;
				HEADER_SEARCH_PATHS = (
					../../marsyas,
					/usr/local/include,
					/usr/include,
				);
				LIBRARY_SEARCH_PATHS = (
					../marsyas/Debug_MRSAUDIO_MRSMIDI,
					/usr/local/lib,
					/usr/lib,
				);
				PRELINK_LIBS = "-lmarsyas -lpthread -lcurses";
				SYMROOT = .;
			};
			name = Debug_MRSAUDIO_MRSMIDI;
		};
		562B79110B065678000082F7 /* Release_MRSAUDIO_MRSMIDI */ = {
			isa = XCBuildConfiguration;
			buildSettings = {
				COPY_PHASE_STRIP = YES;
				HEADER_SEARCH_PATHS = (
					../../marsyas,
					/usr/local/include,
					/usr/include,
				);
				LIBRARY_SEARCH_PATHS = (
					../marsyas/Release_MRSAUDIO_MRSMIDI,
					/usr/local/lib,
					/usr/lib,
				);
				PRELINK_LIBS = "-lmarsyas -lpthread -lcurses";
				SYMROOT = .;
			};
			name = Release_MRSAUDIO_MRSMIDI;
		};
		562B791F0B065682000082F7 /* Debug_MRSAUDIO_MRSMIDI */ = {
			isa = XCBuildConfiguration;
			buildSettings = {
				COPY_PHASE_STRIP = NO;
				FRAMEWORK_SEARCH_PATHS = (
					"$(FRAMEWORK_SEARCH_PATHS)",
					"$(SYSTEM_DEVELOPER_DIR)/SDKs/MacOSX10.4u.sdk/System/Library/Frameworks",
				);
				GCC_DYNAMIC_NO_PIC = NO;
				GCC_GENERATE_DEBUGGING_SYMBOLS = YES;
				GCC_OPTIMIZATION_LEVEL = 0;
				OPTIMIZATION_CFLAGS = "-O0";
				OTHER_CFLAGS = "";
				OTHER_LDFLAGS = "";
				OTHER_REZFLAGS = "";
				PRODUCT_NAME = peakClustering;
				REZ_EXECUTABLE = YES;
				SECTORDER_FLAGS = "";
				WARNING_CFLAGS = (
					"-Wmost",
					"-Wno-four-char-constants",
					"-Wno-unknown-pragmas",
				);
			};
			name = Debug_MRSAUDIO_MRSMIDI;
		};
		562B79200B065682000082F7 /* Release_MRSAUDIO_MRSMIDI */ = {
			isa = XCBuildConfiguration;
			buildSettings = {
				COPY_PHASE_STRIP = YES;
				FRAMEWORK_SEARCH_PATHS = (
					"$(FRAMEWORK_SEARCH_PATHS)",
					"$(SYSTEM_DEVELOPER_DIR)/SDKs/MacOSX10.4u.sdk/System/Library/Frameworks",
				);
				GCC_ENABLE_FIX_AND_CONTINUE = NO;
				GCC_GENERATE_DEBUGGING_SYMBOLS = NO;
				OPTIMIZATION_CFLAGS = "-O0";
				OTHER_CFLAGS = "";
				OTHER_LDFLAGS = "";
				OTHER_REZFLAGS = "";
				PRODUCT_NAME = peakClustering;
				REZ_EXECUTABLE = YES;
				SECTORDER_FLAGS = "";
				WARNING_CFLAGS = (
					"-Wmost",
					"-Wno-four-char-constants",
					"-Wno-unknown-pragmas",
				);
				ZERO_LINK = NO;
			};
			name = Release_MRSAUDIO_MRSMIDI;
		};
		562B79360B0657F5000082F7 /* Debug_MAD_MATLAB_MRSASSERT_MRSAUDIO_MRSMIDI_MRSWARNING_READLINE */ = {
			isa = XCBuildConfiguration;
			buildSettings = {
				COPY_PHASE_STRIP = NO;
				FRAMEWORK_SEARCH_PATHS = (
					"$(FRAMEWORK_SEARCH_PATHS)",
					"$(SYSTEM_DEVELOPER_DIR)/SDKs/MacOSX10.4u.sdk/System/Library/Frameworks",
				);
				GCC_DYNAMIC_NO_PIC = NO;
				GCC_GENERATE_DEBUGGING_SYMBOLS = YES;
				GCC_OPTIMIZATION_LEVEL = 0;
				OPTIMIZATION_CFLAGS = "-O0";
				OTHER_CFLAGS = "";
				OTHER_LDFLAGS = "";
				OTHER_REZFLAGS = "";
				PRODUCT_NAME = peakClustering;
				REZ_EXECUTABLE = YES;
				SECTORDER_FLAGS = "";
				WARNING_CFLAGS = (
					"-Wmost",
					"-Wno-four-char-constants",
					"-Wno-unknown-pragmas",
				);
			};
			name = Debug_MAD_MATLAB_MRSASSERT_MRSAUDIO_MRSMIDI_MRSWARNING_READLINE;
		};
		562B79370B0657F5000082F7 /* Release_MAD_MATLAB_MRSASSERT_MRSAUDIO_MRSMIDI_MRSWARNING_READLINE */ = {
			isa = XCBuildConfiguration;
			buildSettings = {
				COPY_PHASE_STRIP = YES;
				FRAMEWORK_SEARCH_PATHS = (
					"$(FRAMEWORK_SEARCH_PATHS)",
					"$(SYSTEM_DEVELOPER_DIR)/SDKs/MacOSX10.4u.sdk/System/Library/Frameworks",
				);
				GCC_ENABLE_FIX_AND_CONTINUE = NO;
				GCC_GENERATE_DEBUGGING_SYMBOLS = NO;
				OPTIMIZATION_CFLAGS = "-O0";
				OTHER_CFLAGS = "";
				OTHER_LDFLAGS = "";
				OTHER_REZFLAGS = "";
				PRODUCT_NAME = peakClustering;
				REZ_EXECUTABLE = YES;
				SECTORDER_FLAGS = "";
				WARNING_CFLAGS = (
					"-Wmost",
					"-Wno-four-char-constants",
					"-Wno-unknown-pragmas",
				);
				ZERO_LINK = NO;
			};
			name = Release_MAD_MATLAB_MRSASSERT_MRSAUDIO_MRSMIDI_MRSWARNING_READLINE;
		};
		562B79380B0657F5000082F7 /* Debug_MAD_MATLAB_MRSASSERT_MRSAUDIO_MRSMIDI_MRSWARNING_READLINE */ = {
			isa = XCBuildConfiguration;
			buildSettings = {
				COPY_PHASE_STRIP = NO;
				FRAMEWORK_SEARCH_PATHS = "";
				HEADER_SEARCH_PATHS = (
					../../marsyas,
					/Applications/MATLAB7/extern/include,
					/usr/local/include,
					/usr/include,
				);
				LIBRARY_SEARCH_PATHS = (
					../marsyas/Debug_MAD_MATLAB_MRSASSERT_MRSAUDIO_MRSMIDI_MRSWARNING_READLINE,
					/Applications/MATLAB7/bin/mac,
					/usr/local/lib,
					/usr/lib,
				);
				OTHER_LDFLAGS = "";
				PRELINK_LIBS = "-lmarsyas -lpthread -lobjc -leng -lut -lmx -lmat -licudata.24 -licui18n.24 -licuuc.24 -lustdio.24 -lz -lmad -lreadline -lcurses";
				SYMROOT = .;
			};
			name = Debug_MAD_MATLAB_MRSASSERT_MRSAUDIO_MRSMIDI_MRSWARNING_READLINE;
		};
		562B79390B0657F5000082F7 /* Release_MAD_MATLAB_MRSASSERT_MRSAUDIO_MRSMIDI_MRSWARNING_READLINE */ = {
			isa = XCBuildConfiguration;
			buildSettings = {
				COPY_PHASE_STRIP = YES;
				HEADER_SEARCH_PATHS = (
					../../marsyas,
					/Applications/MATLAB7/extern/include,
					/usr/local/include,
					/usr/include,
				);
				LIBRARY_SEARCH_PATHS = (
					../marsyas/Release_MAD_MATLAB_MRSASSERT_MRSAUDIO_MRSMIDI_MRSWARNING_READLINE,
					/Applications/MATLAB7/bin/mac/,
					/usr/local/lib,
					/usr/lib,
				);
				PRELINK_LIBS = "-lmarsyas -lpthread -lobjc -leng -lut -lmx -lmat -licudata.24 -licui18n.24 -licuuc.24 -lustdio.24 -lz -lmad -lreadline -lcurses";
				SYMROOT = .;
			};
			name = Release_MAD_MATLAB_MRSASSERT_MRSAUDIO_MRSMIDI_MRSWARNING_READLINE;
		};
/* End XCBuildConfiguration section */

/* Begin XCConfigurationList section */
		562B790F0B065678000082F7 /* Build configuration list for PBXProject "peakClustering" */ = {
			isa = XCConfigurationList;
			buildConfigurations = (
				562B79100B065678000082F7 /* Debug_MRSAUDIO_MRSMIDI */,
				562B79380B0657F5000082F7 /* Debug_MAD_MATLAB_MRSASSERT_MRSAUDIO_MRSMIDI_MRSWARNING_READLINE */,
				562B79110B065678000082F7 /* Release_MRSAUDIO_MRSMIDI */,
				562B79390B0657F5000082F7 /* Release_MAD_MATLAB_MRSASSERT_MRSAUDIO_MRSMIDI_MRSWARNING_READLINE */,
			);
			defaultConfigurationIsVisible = 0;
			defaultConfigurationName = Release_MRSAUDIO_MRSMIDI;
		};
		562B791E0B065682000082F7 /* Build configuration list for PBXToolTarget "peakClustering" */ = {
			isa = XCConfigurationList;
			buildConfigurations = (
				562B791F0B065682000082F7 /* Debug_MRSAUDIO_MRSMIDI */,
				562B79360B0657F5000082F7 /* Debug_MAD_MATLAB_MRSASSERT_MRSAUDIO_MRSMIDI_MRSWARNING_READLINE */,
				562B79200B065682000082F7 /* Release_MRSAUDIO_MRSMIDI */,
				562B79370B0657F5000082F7 /* Release_MAD_MATLAB_MRSASSERT_MRSAUDIO_MRSMIDI_MRSWARNING_READLINE */,
			);
			defaultConfigurationIsVisible = 0;
			defaultConfigurationName = Release_MRSAUDIO_MRSMIDI;
		};
/* End XCConfigurationList section */
	};
	rootObject = 562B790E0B065678000082F7 /* Project object */;
}
